{
  "name": "github-markdown-extractor",
  "version": "1.0.0",
  "lockfileVersion": 3,
  "requires": true,
  "packages": {
    "": {
      "name": "github-markdown-extractor",
      "version": "1.0.0",
      "license": "MIT",
      "dependencies": {
        "yargs-parser": "^22.0.0"
      },
      "bin": {
        "extract-markdown": "extract-markdown.js"
      },
      "devDependencies": {},
      "engines": {
        "node": ">=14.0.0"
      }
    },
    "node_modules/yargs-parser": {
      "version": "22.0.0",
      "resolved": "https://registry.npmjs.org/yargs-parser/-/yargs-parser-22.0.0.tgz",
      "integrity": "sha512-rwu/ClNdSMpkSrUb+d6BRsSkLUq1fmfsY6TOpYzTwvwkg1/NRG85KBy3kq++A8LKQwX6lsu+aWad+2khvuXrqw==",
      "license": "ISC",
      "engines": {
        "node": "^20.19.0 || ^22.12.0 || >=23"
      }
    }
  }
}
